
Microsoft Visual Studio Solution File, Format Version 12.00
# Visual Studio Version 17
VisualStudioVersion = 17.7.34031.279
MinimumVisualStudioVersion = 10.0.40219.1
Project("{FAE04EC0-301F-11D3-BF4B-00C04F79EFBC}") = "hw_08_task_02", "hw_08_task_02\hw_08_task_02.csproj", "{BA05A1A8-E1BD-4C27-BB4D-FCD2B2D437B7}"
EndProject
Global
	GlobalSection(SolutionConfigurationPlatforms) = preSolution
		Debug|Any CPU = Debug|Any CPU
		Release|Any CPU = Release|Any CPU
	EndGlobalSection
	GlobalSection(ProjectConfigurationPlatforms) = postSolution
		{BA05A1A8-E1BD-4C27-BB4D-FCD2B2D437B7}.Debug|Any CPU.ActiveCfg = Debug|Any CPU
		{BA05A1A8-E1BD-4C27-BB4D-FCD2B2D437B7}.Debug|Any CPU.Build.0 = Debug|Any CPU
		{BA05A1A8-E1BD-4C27-BB4D-FCD2B2D437B7}.Release|Any CPU.ActiveCfg = Release|Any CPU
		{BA05A1A8-E1BD-4C27-BB4D-FCD2B2D437B7}.Release|Any CPU.Build.0 = Release|Any CPU
	EndGlobalSection
	GlobalSection(SolutionProperties) = preSolution
		HideSolutionNode = FALSE
	EndGlobalSection
	GlobalSection(ExtensibilityGlobals) = postSolution
		SolutionGuid = {12776F74-A752-4DF8-8B42-A5E0E58F46F1}
	EndGlobalSection
EndGlobal
